// !$*UTF8*$!
{
	archiveVersion = 1;
	classes = {
	};
	objectVersion = 46;
	objects = {

/* Begin PBXBuildFile section */
		867A23721CACC5B4002FBD90 /* AppDelegate.swift in Sources */ = {isa = PBXBuildFile; fileRef = 867A23711CACC5B4002FBD90 /* AppDelegate.swift */; };
		867A23741CACC5B4002FBD90 /* ViewController.swift in Sources */ = {isa = PBXBuildFile; fileRef = 867A23731CACC5B4002FBD90 /* ViewController.swift */; };
		867A23771CACC5B4002FBD90 /* Main.storyboard in Resources */ = {isa = PBXBuildFile; fileRef = 867A23751CACC5B4002FBD90 /* Main.storyboard */; };
		867A23791CACC5B4002FBD90 /* Assets.xcassets in Resources */ = {isa = PBXBuildFile; fileRef = 867A23781CACC5B4002FBD90 /* Assets.xcassets */; };
		867A237C1CACC5B4002FBD90 /* LaunchScreen.storyboard in Resources */ = {isa = PBXBuildFile; fileRef = 867A237A1CACC5B4002FBD90 /* LaunchScreen.storyboard */; };
/* End PBXBuildFile section */

/* Begin PBXFileReference section */
		867A236E1CACC5B4002FBD90 /* AutoLayoutDemo.app */ = {isa = PBXFileReference; explicitFileType = wrapper.application; includeInIndex = 0; path = AutoLayoutDemo.app; sourceTree = BUILT_PRODUCTS_DIR; };
		867A23711CACC5B4002FBD90 /* AppDelegate.swift */ = {isa = PBXFileReference; lastKnownFileType = sourcecode.swift; path = AppDelegate.swift; sourceTree = "<group>"; };
		867A23731CACC5B4002FBD90 /* ViewController.swift */ = {isa = PBXFileReference; lastKnownFileType = sourcecode.swift; path = ViewController.swift; sourceTree = "<group>"; };
		867A23761CACC5B4002FBD90 /* Base */ = {isa = PBXFileReference; lastKnownFileType = file.storyboard; name = Base; path = Base.lproj/Main.storyboard; sourceTree = "<group>"; };
		867A23781CACC5B4002FBD90 /* Assets.xcassets */ = {isa = PBXFileReference; lastKnownFileType = folder.assetcatalog; path = Assets.xcassets; sourceTree = "<group>"; };
		867A237B1CACC5B4002FBD90 /* Base */ = {isa = PBXFileReference; lastKnownFileType = file.storyboard; name = Base; path = Base.lproj/LaunchScreen.storyboard; sourceTree = "<group>"; };
		867A237D1CACC5B4002FBD90 /* Info.plist */ = {isa = PBXFileReference; lastKnownFileType = text.plist.xml; path = Info.plist; sourceTree = "<group>"; };
/* End PBXFileReference section */

/* Begin PBXFrameworksBuildPhase section */
		867A236B1CACC5B4002FBD90 /* Frameworks */ = {
			isa = PBXFrameworksBuildPhase;
			buildActionMask = 2147483647;
			files = (
			);
			runOnlyForDeploymentPostprocessing = 0;
		};
/* End PBXFrameworksBuildPhase section */

/* Begin PBXGroup section */
		867A23651CACC5B4002FBD90 = {
			isa = PBXGroup;
			children = (
				867A23701CACC5B4002FBD90 /* AutoLayoutDemo */,
				867A236F1CACC5B4002FBD90 /* Products */,
			);
			sourceTree = "<group>";
		};
		867A236F1CACC5B4002FBD90 /* Products */ = {
			isa = PBXGroup;
			children = (
				867A236E1CACC5B4002FBD90 /* AutoLayoutDemo.app */,
			);
			name = Products;
			sourceTree = "<group>";
		};
		867A23701CACC5B4002FBD90 /* AutoLayoutDemo */ = {
			isa = PBXGroup;
			children = (
				867A23711CACC5B4002FBD90 /* AppDelegate.swift */,
				867A23731CACC5B4002FBD90 /* ViewController.swift */,
				867A23751CACC5B4002FBD90 /* Main.storyboard */,
				867A23781CACC5B4002FBD90 /* Assets.xcassets */,
				867A237A1CACC5B4002FBD90 /* LaunchScreen.storyboard */,
				867A237D1CACC5B4002FBD90 /* Info.plist */,
			);
			path = AutoLayoutDemo;
			sourceTree = "<group>";
		};
/* End PBXGroup section */

/* Begin PBXNativeTarget section */
		867A236D1CACC5B4002FBD90 /* AutoLayoutDemo */ = {
			isa = PBXNativeTarget;
			buildConfigurationList = 867A23801CACC5B4002FBD90 /* Build configuration list for PBXNativeTarget "AutoLayoutDemo" */;
			buildPhases = (
				867A236A1CACC5B4002FBD90 /* Sources */,
				867A236B1CACC5B4002FBD90 /* Frameworks */,
				867A236C1CACC5B4002FBD90 /* Resources */,
			);
			buildRules = (
			);
			dependencies = (
			);
			name = AutoLayoutDemo;
			productName = AutoLayoutDemo;
			productReference = 867A236E1CACC5B4002FBD90 /* AutoLayoutDemo.app */;
			productType = "com.apple.product-type.application";
		};
/* End PBXNativeTarget section */

/* Begin PBXProject section */
		867A23661CACC5B4002FBD90 /* Project object */ = {
			isa = PBXProject;
			attributes = {
				LastSwiftUpdateCheck = 0720;
				LastUpgradeCheck = 0720;
				ORGANIZATIONNAME = Gavin;
				TargetAttributes = {
					867A236D1CACC5B4002FBD90 = {
						CreatedOnToolsVersion = 7.2.1;
					};
				};
			};
			buildConfigurationList = 867A23691CACC5B4002FBD90 /* Build configuration list for PBXProject "AutoLayoutDemo" */;
			compatibilityVersion = "Xcode 3.2";
			developmentRegion = English;
			hasScannedForEncodings = 0;
			knownRegions = (
				en,
				Base,
			);
			mainGroup = 867A23651CACC5B4002FBD90;
			productRefGroup = 867A236F1CACC5B4002FBD90 /* Products */;
			projectDirPath = "";
			projectRoot = "";
			targets = (
				867A236D1CACC5B4002FBD90 /* AutoLayoutDemo */,
			);
		};
/* End PBXProject section */

/* Begin PBXResourcesBuildPhase section */
		867A236C1CACC5B4002FBD90 /* Resources */ = {
			isa = PBXResourcesBuildPhase;
			buildActionMask = 2147483647;
			files = (
				867A237C1CACC5B4002FBD90 /* LaunchScreen.storyboard in Resources */,
				867A23791CACC5B4002FBD90 /* Assets.xcassets in Resources */,
				867A23771CACC5B4002FBD90 /* Main.storyboard in Resources */,
			);
			runOnlyForDeploymentPostprocessing = 0;
		};
/* End PBXResourcesBuildPhase section */

/* Begin PBXSourcesBuildPhase section */
		867A236A1CACC5B4002FBD90 /* Sources */ = {
			isa = PBXSourcesBuildPhase;
			buildActionMask = 2147483647;
			files = (
				867A23741CACC5B4002FBD90 /* ViewController.swift in Sources */,
				867A23721CACC5B4002FBD90 /* AppDelegate.swift in Sources */,
			);
			runOnlyForDeploymentPostprocessing = 0;
		};
/* End PBXSourcesBuildPhase section */

/* Begin PBXVariantGroup section */
		867A23751CACC5B4002FBD90 /* Main.storyboard */ = {
			isa = PBXVariantGroup;
			children = (
				867A23761CACC5B4002FBD90 /* Base */,
			);
			name = Main.storyboard;
			sourceTree = "<group>";
		};
		867A237A1CACC5B4002FBD90 /* LaunchScreen.storyboard */ = {
			isa = PBXVariantGroup;
			children = (
				867A237B1CACC5B4002FBD90 /* Base */,
			);
			name = LaunchScreen.storyboard;
			sourceTree = "<group>";
		};
/* End PBXVariantGroup section */

/* Begin XCBuildConfiguration section */
		867A237E1CACC5B4002FBD90 /* Debug */ = {
			isa = XCBuildConfiguration;
			buildSettings = {
				ALWAYS_SEARCH_USER_PATHS = NO;
				CLANG_CXX_LANGUAGE_STANDARD = "gnu++0x";
				CLANG_CXX_LIBRARY = "libc++";
				CLANG_ENABLE_MODULES = YES;
				CLANG_ENABLE_OBJC_ARC = YES;
				CLANG_WARN_BOOL_CONVERSION = YES;
				CLANG_WARN_CONSTANT_CONVERSION = YES;
				CLANG_WARN_DIRECT_OBJC_ISA_USAGE = YES_ERROR;
				CLANG_WARN_EMPTY_BODY = YES;
				CLANG_WARN_ENUM_CONVERSION = YES;
				CLANG_WARN_INT_CONVERSION = YES;
				CLANG_WARN_OBJC_ROOT_CLASS = YES_ERROR;
				CLANG_WARN_UNREACHABLE_CODE = YES;
				CLANG_WARN__DUPLICATE_METHOD_MATCH = YES;
				"CODE_SIGN_IDENTITY[sdk=iphoneos*]" = "iPhone Developer";
				COPY_PHASE_STRIP = NO;
				DEBUG_INFORMATION_FORMAT = dwarf;
				ENABLE_STRICT_OBJC_MSGSEND = YES;
				ENABLE_TESTABILITY = YES;
				GCC_C_LANGUAGE_STANDARD = gnu99;
				GCC_DYNAMIC_NO_PIC = NO;
				GCC_NO_COMMON_BLOCKS = YES;
				GCC_OPTIMIZATION_LEVEL = 0;
				GCC_PREPROCESSOR_DEFINITIONS = (
					"DEBUG=1",
					"$(inherited)",
				);
				GCC_WARN_64_TO_32_BIT_CONVERSION = YES;
				GCC_WARN_ABOUT_RETURN_TYPE = YES_ERROR;
				GCC_WARN_UNDECLARED_SELECTOR = YES;
				GCC_WARN_UNINITIALIZED_AUTOS = YES_AGGRESSIVE;
				GCC_WARN_UNUSED_FUNCTION = YES;
				GCC_WARN_UNUSED_VARIABLE = YES;
				IPHONEOS_DEPLOYMENT_TARGET = 9.2;
				MTL_ENABLE_DEBUG_INFO = YES;
				ONLY_ACTIVE_ARCH = YES;
				SDKROOT = iphoneos;
				SWIFT_OPTIMIZATION_LEVEL = "-Onone";
				TARGETED_DEVICE_FAMILY = "1,2";
			};
			name = Debug;
		};
		867A237F1CACC5B4002FBD90 /* Release */ = {
			isa = XCBuildConfiguration;
			buildSettings = {
				ALWAYS_SEARCH_USER_PATHS = NO;
				CLANG_CXX_LANGUAGE_STANDARD = "gnu++0x";
				CLANG_CXX_LIBRARY = "libc++";
				CLANG_ENABLE_MODULES = YES;
				CLANG_ENABLE_OBJC_ARC = YES;
				CLANG_WARN_BOOL_CONVERSION = YES;
				CLANG_WARN_CONSTANT_CONVERSION = YES;
				CLANG_WARN_DIRECT_OBJC_ISA_USAGE = YES_ERROR;
				CLANG_WARN_EMPTY_BODY = YES;
				CLANG_WARN_ENUM_CONVERSION = YES;
				CLANG_WARN_INT_CONVERSION = YES;
				CLANG_WARN_OBJC_ROOT_CLASS = YES_ERROR;
				CLANG_WARN_UNREACHABLE_CODE = YES;
				CLANG_WARN__DUPLICATE_METHOD_MATCH = YES;
				"CODE_SIGN_IDENTITY[sdk=iphoneos*]" = "iPhone Developer";
				COPY_PHASE_STRIP = NO;
				DEBUG_INFORMATION_FORMAT = "dwarf-with-dsym";
				ENABLE_NS_ASSERTIONS = NO;
				ENABLE_STRICT_OBJC_MSGSEND = YES;
				GCC_C_LANGUAGE_STANDARD = gnu99;
				GCC_NO_COMMON_BLOCKS = YES;
				GCC_WARN_64_TO_32_BIT_CONVERSION = YES;
				GCC_WARN_ABOUT_RETURN_TYPE = YES_ERROR;
				GCC_WARN_UNDECLARED_SELECTOR = YES;
				GCC_WARN_UNINITIALIZED_AUTOS = YES_AGGRESSIVE;
				GCC_WARN_UNUSED_FUNCTION = YES;
				GCC_WARN_UNUSED_VARIABLE = YES;
				IPHONEOS_DEPLOYMENT_TARGET = 9.2;
				MTL_ENABLE_DEBUG_INFO = NO;
				SDKROOT = iphoneos;
				TARGETED_DEVICE_FAMILY = "1,2";
				VALIDATE_PRODUCT = YES;
			};
			name = Release;
		};
		867A23811CACC5B4002FBD90 /* Debug */ = {
			isa = XCBuildConfiguration;
			buildSettings = {
				ASSETCATALOG_COMPILER_APPICON_NAME = AppIcon;
				INFOPLIST_FILE = AutoLayoutDemo/Info.plist;
				LD_RUNPATH_SEARCH_PATHS = "$(inherited) @executable_path/Frameworks";
				PRODUCT_BUNDLE_IDENTIFIER = Gavin.AutoLayoutDemo;
				PRODUCT_NAME = "$(TARGET_NAME)";
			};
			name = Debug;
		};
		867A23821CACC5B4002FBD90 /* Release */ = {
			isa = XCBuildConfiguration;
			buildSettings = {
				ASSETCATALOG_COMPILER_APPICON_NAME = AppIcon;
				INFOPLIST_FILE = AutoLayoutDemo/Info.plist;
				LD_RUNPATH_SEARCH_PATHS = "$(inherited) @executable_path/Frameworks";
				PRODUCT_BUNDLE_IDENTIFIER = Gavin.AutoLayoutDemo;
				PRODUCT_NAME = "$(TARGET_NAME)";
			};
			name = Release;
		};
/* End XCBuildConfiguration section */

/* Begin XCConfigurationList section */
		867A23691CACC5B4002FBD90 /* Build configuration list for PBXProject "AutoLayoutDemo" */ = {
			isa = XCConfigurationList;
			buildConfigurations = (
				867A237E1CACC5B4002FBD90 /* Debug */,
				867A237F1CACC5B4002FBD90 /* Release */,
			);
			defaultConfigurationIsVisible = 0;
			defaultConfigurationName = Release;
		};
		867A23801CACC5B4002FBD90 /* Build configuration list for PBXNativeTarget "AutoLayoutDemo" */ = {
			isa = XCConfigurationList;
			buildConfigurations = (
				867A23811CACC5B4002FBD90 /* Debug */,
				867A23821CACC5B4002FBD90 /* Release */,
			);
			defaultConfigurationIsVisible = 0;
		};
/* End XCConfigurationList section */
	};
	rootObject = 867A23661CACC5B4002FBD90 /* Project object */;
}
